// !$*UTF8*$!
{
	archiveVersion = 1;
	classes = {
	};
	objectVersion = 56;
	objects = {

/* Begin PBXBuildFile section */
		44907DE32C8B4751002D4617 /* AppDelegate.swift in Sources */ = {isa = PBXBuildFile; fileRef = 44907DE22C8B4751002D4617 /* AppDelegate.swift */; };
		44907DE52C8B4751002D4617 /* SceneDelegate.swift in Sources */ = {isa = PBXBuildFile; fileRef = 44907DE42C8B4751002D4617 /* SceneDelegate.swift */; };
		44907DEA2C8B4751002D4617 /* Base in Resources */ = {isa = PBXBuildFile; fileRef = 44907DE92C8B4751002D4617 /* Base */; };
		44907DED2C8B4751002D4617 /* ToDo_List.xcdatamodeld in Sources */ = {isa = PBXBuildFile; fileRef = 44907DEB2C8B4751002D4617 /* ToDo_List.xcdatamodeld */; };
		44907DEF2C8B4752002D4617 /* Assets.xcassets in Resources */ = {isa = PBXBuildFile; fileRef = 44907DEE2C8B4752002D4617 /* Assets.xcassets */; };
		44907DF22C8B4752002D4617 /* Base in Resources */ = {isa = PBXBuildFile; fileRef = 44907DF12C8B4752002D4617 /* Base */; };
		44907DFD2C8B4752002D4617 /* ToDo_ListTests.swift in Sources */ = {isa = PBXBuildFile; fileRef = 44907DFC2C8B4752002D4617 /* ToDo_ListTests.swift */; };
		44907E072C8B4753002D4617 /* ToDo_ListUITests.swift in Sources */ = {isa = PBXBuildFile; fileRef = 44907E062C8B4753002D4617 /* ToDo_ListUITests.swift */; };
		44907E092C8B4753002D4617 /* ToDo_ListUITestsLaunchTests.swift in Sources */ = {isa = PBXBuildFile; fileRef = 44907E082C8B4753002D4617 /* ToDo_ListUITestsLaunchTests.swift */; };
		44907E172C8B4888002D4617 /* MainViewController.swift in Sources */ = {isa = PBXBuildFile; fileRef = 44907E162C8B4888002D4617 /* MainViewController.swift */; };
		44907E192C8B48AD002D4617 /* MainPresenterProtocol.swift in Sources */ = {isa = PBXBuildFile; fileRef = 44907E182C8B48AD002D4617 /* MainPresenterProtocol.swift */; };
		44907E1B2C8B48BA002D4617 /* MainInteractorProtocol.swift in Sources */ = {isa = PBXBuildFile; fileRef = 44907E1A2C8B48BA002D4617 /* MainInteractorProtocol.swift */; };
		44907E1D2C8B48C6002D4617 /* MainRouterProtocol.swift in Sources */ = {isa = PBXBuildFile; fileRef = 44907E1C2C8B48C6002D4617 /* MainRouterProtocol.swift */; };
		44907E1F2C8B48D3002D4617 /* MainModuleBuilder.swift in Sources */ = {isa = PBXBuildFile; fileRef = 44907E1E2C8B48D3002D4617 /* MainModuleBuilder.swift */; };
		44907E222C8B4C57002D4617 /* Alamofire in Frameworks */ = {isa = PBXBuildFile; productRef = 44907E212C8B4C57002D4617 /* Alamofire */; };
		44907E292C8B4D3E002D4617 /* Model.swift in Sources */ = {isa = PBXBuildFile; fileRef = 44907E282C8B4D3E002D4617 /* Model.swift */; };
		44907E2C2C8B4D7F002D4617 /* SwiftyJSON in Frameworks */ = {isa = PBXBuildFile; productRef = 44907E2B2C8B4D7F002D4617 /* SwiftyJSON */; };
		44907E2E2C8B66EE002D4617 /* UD.swift in Sources */ = {isa = PBXBuildFile; fileRef = 44907E2D2C8B66EE002D4617 /* UD.swift */; };
/* End PBXBuildFile section */

/* Begin PBXContainerItemProxy section */
		44907DF92C8B4752002D4617 /* PBXContainerItemProxy */ = {
			isa = PBXContainerItemProxy;
			containerPortal = 44907DD72C8B4751002D4617 /* Project object */;
			proxyType = 1;
			remoteGlobalIDString = 44907DDE2C8B4751002D4617;
			remoteInfo = "ToDo List";
		};
		44907E032C8B4753002D4617 /* PBXContainerItemProxy */ = {
			isa = PBXContainerItemProxy;
			containerPortal = 44907DD72C8B4751002D4617 /* Project object */;
			proxyType = 1;
			remoteGlobalIDString = 44907DDE2C8B4751002D4617;
			remoteInfo = "ToDo List";
		};
/* End PBXContainerItemProxy section */

/* Begin PBXCopyFilesBuildPhase section */
		44907E262C8B4D08002D4617 /* Embed Frameworks */ = {
			isa = PBXCopyFilesBuildPhase;
			buildActionMask = 2147483647;
			dstPath = "";
			dstSubfolderSpec = 10;
			files = (
			);
			name = "Embed Frameworks";
			runOnlyForDeploymentPostprocessing = 0;
		};
/* End PBXCopyFilesBuildPhase section */

/* Begin PBXFileReference section */
		44907DDF2C8B4751002D4617 /* ToDo List.app */ = {isa = PBXFileReference; explicitFileType = wrapper.application; includeInIndex = 0; path = "ToDo List.app"; sourceTree = BUILT_PRODUCTS_DIR; };
		44907DE22C8B4751002D4617 /* AppDelegate.swift */ = {isa = PBXFileReference; lastKnownFileType = sourcecode.swift; path = AppDelegate.swift; sourceTree = "<group>"; };
		44907DE42C8B4751002D4617 /* SceneDelegate.swift */ = {isa = PBXFileReference; lastKnownFileType = sourcecode.swift; path = SceneDelegate.swift; sourceTree = "<group>"; };
		44907DE92C8B4751002D4617 /* Base */ = {isa = PBXFileReference; lastKnownFileType = file.storyboard; name = Base; path = Base.lproj/Main.storyboard; sourceTree = "<group>"; };
		44907DEC2C8B4751002D4617 /* ToDo_List.xcdatamodel */ = {isa = PBXFileReference; lastKnownFileType = wrapper.xcdatamodel; path = ToDo_List.xcdatamodel; sourceTree = "<group>"; };
		44907DEE2C8B4752002D4617 /* Assets.xcassets */ = {isa = PBXFileReference; lastKnownFileType = folder.assetcatalog; path = Assets.xcassets; sourceTree = "<group>"; };
		44907DF12C8B4752002D4617 /* Base */ = {isa = PBXFileReference; lastKnownFileType = file.storyboard; name = Base; path = Base.lproj/LaunchScreen.storyboard; sourceTree = "<group>"; };
		44907DF32C8B4752002D4617 /* Info.plist */ = {isa = PBXFileReference; lastKnownFileType = text.plist.xml; path = Info.plist; sourceTree = "<group>"; };
		44907DF82C8B4752002D4617 /* ToDo ListTests.xctest */ = {isa = PBXFileReference; explicitFileType = wrapper.cfbundle; includeInIndex = 0; path = "ToDo ListTests.xctest"; sourceTree = BUILT_PRODUCTS_DIR; };
		44907DFC2C8B4752002D4617 /* ToDo_ListTests.swift */ = {isa = PBXFileReference; lastKnownFileType = sourcecode.swift; path = ToDo_ListTests.swift; sourceTree = "<group>"; };
		44907E022C8B4753002D4617 /* ToDo ListUITests.xctest */ = {isa = PBXFileReference; explicitFileType = wrapper.cfbundle; includeInIndex = 0; path = "ToDo ListUITests.xctest"; sourceTree = BUILT_PRODUCTS_DIR; };
		44907E062C8B4753002D4617 /* ToDo_ListUITests.swift */ = {isa = PBXFileReference; lastKnownFileType = sourcecode.swift; path = ToDo_ListUITests.swift; sourceTree = "<group>"; };
		44907E082C8B4753002D4617 /* ToDo_ListUITestsLaunchTests.swift */ = {isa = PBXFileReference; lastKnownFileType = sourcecode.swift; path = ToDo_ListUITestsLaunchTests.swift; sourceTree = "<group>"; };
		44907E162C8B4888002D4617 /* MainViewController.swift */ = {isa = PBXFileReference; lastKnownFileType = sourcecode.swift; path = MainViewController.swift; sourceTree = "<group>"; };
		44907E182C8B48AD002D4617 /* MainPresenterProtocol.swift */ = {isa = PBXFileReference; lastKnownFileType = sourcecode.swift; path = MainPresenterProtocol.swift; sourceTree = "<group>"; };
		44907E1A2C8B48BA002D4617 /* MainInteractorProtocol.swift */ = {isa = PBXFileReference; lastKnownFileType = sourcecode.swift; path = MainInteractorProtocol.swift; sourceTree = "<group>"; };
		44907E1C2C8B48C6002D4617 /* MainRouterProtocol.swift */ = {isa = PBXFileReference; lastKnownFileType = sourcecode.swift; path = MainRouterProtocol.swift; sourceTree = "<group>"; };
		44907E1E2C8B48D3002D4617 /* MainModuleBuilder.swift */ = {isa = PBXFileReference; lastKnownFileType = sourcecode.swift; path = MainModuleBuilder.swift; sourceTree = "<group>"; };
		44907E282C8B4D3E002D4617 /* Model.swift */ = {isa = PBXFileReference; lastKnownFileType = sourcecode.swift; path = Model.swift; sourceTree = "<group>"; };
		44907E2D2C8B66EE002D4617 /* UD.swift */ = {isa = PBXFileReference; lastKnownFileType = sourcecode.swift; path = UD.swift; sourceTree = "<group>"; };
/* End PBXFileReference section */

/* Begin PBXFrameworksBuildPhase section */
		44907DDC2C8B4751002D4617 /* Frameworks */ = {
			isa = PBXFrameworksBuildPhase;
			buildActionMask = 2147483647;
			files = (
				44907E2C2C8B4D7F002D4617 /* SwiftyJSON in Frameworks */,
				44907E222C8B4C57002D4617 /* Alamofire in Frameworks */,
			);
			runOnlyForDeploymentPostprocessing = 0;
		};
		44907DF52C8B4752002D4617 /* Frameworks */ = {
			isa = PBXFrameworksBuildPhase;
			buildActionMask = 2147483647;
			files = (
			);
			runOnlyForDeploymentPostprocessing = 0;
		};
		44907DFF2C8B4753002D4617 /* Frameworks */ = {
			isa = PBXFrameworksBuildPhase;
			buildActionMask = 2147483647;
			files = (
			);
			runOnlyForDeploymentPostprocessing = 0;
		};
/* End PBXFrameworksBuildPhase section */

/* Begin PBXGroup section */
		44907DD62C8B4751002D4617 = {
			isa = PBXGroup;
			children = (
				44907DE12C8B4751002D4617 /* ToDo List */,
				44907DFB2C8B4752002D4617 /* ToDo ListTests */,
				44907E052C8B4753002D4617 /* ToDo ListUITests */,
				44907DE02C8B4751002D4617 /* Products */,
			);
			sourceTree = "<group>";
		};
		44907DE02C8B4751002D4617 /* Products */ = {
			isa = PBXGroup;
			children = (
				44907DDF2C8B4751002D4617 /* ToDo List.app */,
				44907DF82C8B4752002D4617 /* ToDo ListTests.xctest */,
				44907E022C8B4753002D4617 /* ToDo ListUITests.xctest */,
			);
			name = Products;
			sourceTree = "<group>";
		};
		44907DE12C8B4751002D4617 /* ToDo List */ = {
			isa = PBXGroup;
			children = (
				44907E272C8B4D35002D4617 /* Model */,
				44907E152C8B4819002D4617 /* Main */,
				44907DE22C8B4751002D4617 /* AppDelegate.swift */,
				44907DE42C8B4751002D4617 /* SceneDelegate.swift */,
				44907DE82C8B4751002D4617 /* Main.storyboard */,
				44907DEE2C8B4752002D4617 /* Assets.xcassets */,
				44907DF02C8B4752002D4617 /* LaunchScreen.storyboard */,
				44907DF32C8B4752002D4617 /* Info.plist */,
				44907DEB2C8B4751002D4617 /* ToDo_List.xcdatamodeld */,
			);
			path = "ToDo List";
			sourceTree = "<group>";
		};
		44907DFB2C8B4752002D4617 /* ToDo ListTests */ = {
			isa = PBXGroup;
			children = (
				44907DFC2C8B4752002D4617 /* ToDo_ListTests.swift */,
			);
			path = "ToDo ListTests";
			sourceTree = "<group>";
		};
		44907E052C8B4753002D4617 /* ToDo ListUITests */ = {
			isa = PBXGroup;
			children = (
				44907E062C8B4753002D4617 /* ToDo_ListUITests.swift */,
				44907E082C8B4753002D4617 /* ToDo_ListUITestsLaunchTests.swift */,
			);
			path = "ToDo ListUITests";
			sourceTree = "<group>";
		};
		44907E152C8B4819002D4617 /* Main */ = {
			isa = PBXGroup;
			children = (
				44907E162C8B4888002D4617 /* MainViewController.swift */,
				44907E182C8B48AD002D4617 /* MainPresenterProtocol.swift */,
				44907E1A2C8B48BA002D4617 /* MainInteractorProtocol.swift */,
				44907E1C2C8B48C6002D4617 /* MainRouterProtocol.swift */,
				44907E1E2C8B48D3002D4617 /* MainModuleBuilder.swift */,
			);
			path = Main;
			sourceTree = "<group>";
		};
		44907E272C8B4D35002D4617 /* Model */ = {
			isa = PBXGroup;
			children = (
				44907E282C8B4D3E002D4617 /* Model.swift */,
				44907E2D2C8B66EE002D4617 /* UD.swift */,
			);
			path = Model;
			sourceTree = "<group>";
		};
/* End PBXGroup section */

/* Begin PBXNativeTarget section */
		44907DDE2C8B4751002D4617 /* ToDo List */ = {
			isa = PBXNativeTarget;
			buildConfigurationList = 44907E0C2C8B4753002D4617 /* Build configuration list for PBXNativeTarget "ToDo List" */;
			buildPhases = (
				44907DDB2C8B4751002D4617 /* Sources */,
				44907DDC2C8B4751002D4617 /* Frameworks */,
				44907DDD2C8B4751002D4617 /* Resources */,
				44907E262C8B4D08002D4617 /* Embed Frameworks */,
			);
			buildRules = (
			);
			dependencies = (
			);
			name = "ToDo List";
			packageProductDependencies = (
				44907E212C8B4C57002D4617 /* Alamofire */,
				44907E2B2C8B4D7F002D4617 /* SwiftyJSON */,
			);
			productName = "ToDo List";
			productReference = 44907DDF2C8B4751002D4617 /* ToDo List.app */;
			productType = "com.apple.product-type.application";
		};
		44907DF72C8B4752002D4617 /* ToDo ListTests */ = {
			isa = PBXNativeTarget;
			buildConfigurationList = 44907E0F2C8B4753002D4617 /* Build configuration list for PBXNativeTarget "ToDo ListTests" */;
			buildPhases = (
				44907DF42C8B4752002D4617 /* Sources */,
				44907DF52C8B4752002D4617 /* Frameworks */,
				44907DF62C8B4752002D4617 /* Resources */,
			);
			buildRules = (
			);
			dependencies = (
				44907DFA2C8B4752002D4617 /* PBXTargetDependency */,
			);
			name = "ToDo ListTests";
			productName = "ToDo ListTests";
			productReference = 44907DF82C8B4752002D4617 /* ToDo ListTests.xctest */;
			productType = "com.apple.product-type.bundle.unit-test";
		};
		44907E012C8B4753002D4617 /* ToDo ListUITests */ = {
			isa = PBXNativeTarget;
			buildConfigurationList = 44907E122C8B4753002D4617 /* Build configuration list for PBXNativeTarget "ToDo ListUITests" */;
			buildPhases = (
				44907DFE2C8B4753002D4617 /* Sources */,
				44907DFF2C8B4753002D4617 /* Frameworks */,
				44907E002C8B4753002D4617 /* Resources */,
			);
			buildRules = (
			);
			dependencies = (
				44907E042C8B4753002D4617 /* PBXTargetDependency */,
			);
			name = "ToDo ListUITests";
			productName = "ToDo ListUITests";
			productReference = 44907E022C8B4753002D4617 /* ToDo ListUITests.xctest */;
			productType = "com.apple.product-type.bundle.ui-testing";
		};
/* End PBXNativeTarget section */

/* Begin PBXProject section */
		44907DD72C8B4751002D4617 /* Project object */ = {
			isa = PBXProject;
			attributes = {
				BuildIndependentTargetsInParallel = 1;
				LastSwiftUpdateCheck = 1540;
				LastUpgradeCheck = 1540;
				TargetAttributes = {
					44907DDE2C8B4751002D4617 = {
						CreatedOnToolsVersion = 15.4;
					};
					44907DF72C8B4752002D4617 = {
						CreatedOnToolsVersion = 15.4;
						TestTargetID = 44907DDE2C8B4751002D4617;
					};
					44907E012C8B4753002D4617 = {
						CreatedOnToolsVersion = 15.4;
						TestTargetID = 44907DDE2C8B4751002D4617;
					};
				};
			};
			buildConfigurationList = 44907DDA2C8B4751002D4617 /* Build configuration list for PBXProject "ToDo List" */;
			compatibilityVersion = "Xcode 14.0";
			developmentRegion = en;
			hasScannedForEncodings = 0;
			knownRegions = (
				en,
				Base,
			);
			mainGroup = 44907DD62C8B4751002D4617;
			packageReferences = (
				44907E202C8B4C57002D4617 /* XCRemoteSwiftPackageReference "Alamofire" */,
				44907E2A2C8B4D7F002D4617 /* XCRemoteSwiftPackageReference "SwiftyJSON" */,
			);
			productRefGroup = 44907DE02C8B4751002D4617 /* Products */;
			projectDirPath = "";
			projectRoot = "";
			targets = (
				44907DDE2C8B4751002D4617 /* ToDo List */,
				44907DF72C8B4752002D4617 /* ToDo ListTests */,
				44907E012C8B4753002D4617 /* ToDo ListUITests */,
			);
		};
/* End PBXProject section */

/* Begin PBXResourcesBuildPhase section */
		44907DDD2C8B4751002D4617 /* Resources */ = {
			isa = PBXResourcesBuildPhase;
			buildActionMask = 2147483647;
			files = (
				44907DEF2C8B4752002D4617 /* Assets.xcassets in Resources */,
				44907DF22C8B4752002D4617 /* Base in Resources */,
				44907DEA2C8B4751002D4617 /* Base in Resources */,
			);
			runOnlyForDeploymentPostprocessing = 0;
		};
		44907DF62C8B4752002D4617 /* Resources */ = {
			isa = PBXResourcesBuildPhase;
			buildActionMask = 2147483647;
			files = (
			);
			runOnlyForDeploymentPostprocessing = 0;
		};
		44907E002C8B4753002D4617 /* Resources */ = {
			isa = PBXResourcesBuildPhase;
			buildActionMask = 2147483647;
			files = (
			);
			runOnlyForDeploymentPostprocessing = 0;
		};
/* End PBXResourcesBuildPhase section */

/* Begin PBXSourcesBuildPhase section */
		44907DDB2C8B4751002D4617 /* Sources */ = {
			isa = PBXSourcesBuildPhase;
			buildActionMask = 2147483647;
			files = (
				44907E292C8B4D3E002D4617 /* Model.swift in Sources */,
				44907E192C8B48AD002D4617 /* MainPresenterProtocol.swift in Sources */,
				44907DE32C8B4751002D4617 /* AppDelegate.swift in Sources */,
				44907DE52C8B4751002D4617 /* SceneDelegate.swift in Sources */,
				44907E1B2C8B48BA002D4617 /* MainInteractorProtocol.swift in Sources */,
				44907E1F2C8B48D3002D4617 /* MainModuleBuilder.swift in Sources */,
				44907E1D2C8B48C6002D4617 /* MainRouterProtocol.swift in Sources */,
				44907DED2C8B4751002D4617 /* ToDo_List.xcdatamodeld in Sources */,
				44907E2E2C8B66EE002D4617 /* UD.swift in Sources */,
				44907E172C8B4888002D4617 /* MainViewController.swift in Sources */,
			);
			runOnlyForDeploymentPostprocessing = 0;
		};
		44907DF42C8B4752002D4617 /* Sources */ = {
			isa = PBXSourcesBuildPhase;
			buildActionMask = 2147483647;
			files = (
				44907DFD2C8B4752002D4617 /* ToDo_ListTests.swift in Sources */,
			);
			runOnlyForDeploymentPostprocessing = 0;
		};
		44907DFE2C8B4753002D4617 /* Sources */ = {
			isa = PBXSourcesBuildPhase;
			buildActionMask = 2147483647;
			files = (
				44907E092C8B4753002D4617 /* ToDo_ListUITestsLaunchTests.swift in Sources */,
				44907E072C8B4753002D4617 /* ToDo_ListUITests.swift in Sources */,
			);
			runOnlyForDeploymentPostprocessing = 0;
		};
/* End PBXSourcesBuildPhase section */

/* Begin PBXTargetDependency section */
		44907DFA2C8B4752002D4617 /* PBXTargetDependency */ = {
			isa = PBXTargetDependency;
			target = 44907DDE2C8B4751002D4617 /* ToDo List */;
			targetProxy = 44907DF92C8B4752002D4617 /* PBXContainerItemProxy */;
		};
		44907E042C8B4753002D4617 /* PBXTargetDependency */ = {
			isa = PBXTargetDependency;
			target = 44907DDE2C8B4751002D4617 /* ToDo List */;
			targetProxy = 44907E032C8B4753002D4617 /* PBXContainerItemProxy */;
		};
/* End PBXTargetDependency section */

/* Begin PBXVariantGroup section */
		44907DE82C8B4751002D4617 /* Main.storyboard */ = {
			isa = PBXVariantGroup;
			children = (
				44907DE92C8B4751002D4617 /* Base */,
			);
			name = Main.storyboard;
			sourceTree = "<group>";
		};
		44907DF02C8B4752002D4617 /* LaunchScreen.storyboard */ = {
			isa = PBXVariantGroup;
			children = (
				44907DF12C8B4752002D4617 /* Base */,
			);
			name = LaunchScreen.storyboard;
			sourceTree = "<group>";
		};
/* End PBXVariantGroup section */

/* Begin XCBuildConfiguration section */
		44907E0A2C8B4753002D4617 /* Debug */ = {
			isa = XCBuildConfiguration;
			buildSettings = {
				ALWAYS_SEARCH_USER_PATHS = NO;
				ASSETCATALOG_COMPILER_GENERATE_SWIFT_ASSET_SYMBOL_EXTENSIONS = YES;
				CLANG_ANALYZER_NONNULL = YES;
				CLANG_ANALYZER_NUMBER_OBJECT_CONVERSION = YES_AGGRESSIVE;
				CLANG_CXX_LANGUAGE_STANDARD = "gnu++20";
				CLANG_ENABLE_MODULES = YES;
				CLANG_ENABLE_OBJC_ARC = YES;
				CLANG_ENABLE_OBJC_WEAK = YES;
				CLANG_WARN_BLOCK_CAPTURE_AUTORELEASING = YES;
				CLANG_WARN_BOOL_CONVERSION = YES;
				CLANG_WARN_COMMA = YES;
				CLANG_WARN_CONSTANT_CONVERSION = YES;
				CLANG_WARN_DEPRECATED_OBJC_IMPLEMENTATIONS = YES;
				CLANG_WARN_DIRECT_OBJC_ISA_USAGE = YES_ERROR;
				CLANG_WARN_DOCUMENTATION_COMMENTS = YES;
				CLANG_WARN_EMPTY_BODY = YES;
				CLANG_WARN_ENUM_CONVERSION = YES;
				CLANG_WARN_INFINITE_RECURSION = YES;
				CLANG_WARN_INT_CONVERSION = YES;
				CLANG_WARN_NON_LITERAL_NULL_CONVERSION = YES;
				CLANG_WARN_OBJC_IMPLICIT_RETAIN_SELF = YES;
				CLANG_WARN_OBJC_LITERAL_CONVERSION = YES;
				CLANG_WARN_OBJC_ROOT_CLASS = YES_ERROR;
				CLANG_WARN_QUOTED_INCLUDE_IN_FRAMEWORK_HEADER = YES;
				CLANG_WARN_RANGE_LOOP_ANALYSIS = YES;
				CLANG_WARN_STRICT_PROTOTYPES = YES;
				CLANG_WARN_SUSPICIOUS_MOVE = YES;
				CLANG_WARN_UNGUARDED_AVAILABILITY = YES_AGGRESSIVE;
				CLANG_WARN_UNREACHABLE_CODE = YES;
				CLANG_WARN__DUPLICATE_METHOD_MATCH = YES;
				COPY_PHASE_STRIP = NO;
				DEBUG_INFORMATION_FORMAT = dwarf;
				ENABLE_STRICT_OBJC_MSGSEND = YES;
				ENABLE_TESTABILITY = YES;
				ENABLE_USER_SCRIPT_SANDBOXING = YES;
				GCC_C_LANGUAGE_STANDARD = gnu17;
				GCC_DYNAMIC_NO_PIC = NO;
				GCC_NO_COMMON_BLOCKS = YES;
				GCC_OPTIMIZATION_LEVEL = 0;
				GCC_PREPROCESSOR_DEFINITIONS = (
					"DEBUG=1",
					"$(inherited)",
				);
				GCC_WARN_64_TO_32_BIT_CONVERSION = YES;
				GCC_WARN_ABOUT_RETURN_TYPE = YES_ERROR;
				GCC_WARN_UNDECLARED_SELECTOR = YES;
				GCC_WARN_UNINITIALIZED_AUTOS = YES_AGGRESSIVE;
				GCC_WARN_UNUSED_FUNCTION = YES;
				GCC_WARN_UNUSED_VARIABLE = YES;
				IPHONEOS_DEPLOYMENT_TARGET = 17.5;
				LOCALIZATION_PREFERS_STRING_CATALOGS = YES;
				MTL_ENABLE_DEBUG_INFO = INCLUDE_SOURCE;
				MTL_FAST_MATH = YES;
				ONLY_ACTIVE_ARCH = YES;
				SDKROOT = iphoneos;
				SWIFT_ACTIVE_COMPILATION_CONDITIONS = "DEBUG $(inherited)";
				SWIFT_OPTIMIZATION_LEVEL = "-Onone";
			};
			name = Debug;
		};
		44907E0B2C8B4753002D4617 /* Release */ = {
			isa = XCBuildConfiguration;
			buildSettings = {
				ALWAYS_SEARCH_USER_PATHS = NO;
				ASSETCATALOG_COMPILER_GENERATE_SWIFT_ASSET_SYMBOL_EXTENSIONS = YES;
				CLANG_ANALYZER_NONNULL = YES;
				CLANG_ANALYZER_NUMBER_OBJECT_CONVERSION = YES_AGGRESSIVE;
				CLANG_CXX_LANGUAGE_STANDARD = "gnu++20";
				CLANG_ENABLE_MODULES = YES;
				CLANG_ENABLE_OBJC_ARC = YES;
				CLANG_ENABLE_OBJC_WEAK = YES;
				CLANG_WARN_BLOCK_CAPTURE_AUTORELEASING = YES;
				CLANG_WARN_BOOL_CONVERSION = YES;
				CLANG_WARN_COMMA = YES;
				CLANG_WARN_CONSTANT_CONVERSION = YES;
				CLANG_WARN_DEPRECATED_OBJC_IMPLEMENTATIONS = YES;
				CLANG_WARN_DIRECT_OBJC_ISA_USAGE = YES_ERROR;
				CLANG_WARN_DOCUMENTATION_COMMENTS = YES;
				CLANG_WARN_EMPTY_BODY = YES;
				CLANG_WARN_ENUM_CONVERSION = YES;
				CLANG_WARN_INFINITE_RECURSION = YES;
				CLANG_WARN_INT_CONVERSION = YES;
				CLANG_WARN_NON_LITERAL_NULL_CONVERSION = YES;
				CLANG_WARN_OBJC_IMPLICIT_RETAIN_SELF = YES;
				CLANG_WARN_OBJC_LITERAL_CONVERSION = YES;
				CLANG_WARN_OBJC_ROOT_CLASS = YES_ERROR;
				CLANG_WARN_QUOTED_INCLUDE_IN_FRAMEWORK_HEADER = YES;
				CLANG_WARN_RANGE_LOOP_ANALYSIS = YES;
				CLANG_WARN_STRICT_PROTOTYPES = YES;
				CLANG_WARN_SUSPICIOUS_MOVE = YES;
				CLANG_WARN_UNGUARDED_AVAILABILITY = YES_AGGRESSIVE;
				CLANG_WARN_UNREACHABLE_CODE = YES;
				CLANG_WARN__DUPLICATE_METHOD_MATCH = YES;
				COPY_PHASE_STRIP = NO;
				DEBUG_INFORMATION_FORMAT = "dwarf-with-dsym";
				ENABLE_NS_ASSERTIONS = NO;
				ENABLE_STRICT_OBJC_MSGSEND = YES;
				ENABLE_USER_SCRIPT_SANDBOXING = YES;
				GCC_C_LANGUAGE_STANDARD = gnu17;
				GCC_NO_COMMON_BLOCKS = YES;
				GCC_WARN_64_TO_32_BIT_CONVERSION = YES;
				GCC_WARN_ABOUT_RETURN_TYPE = YES_ERROR;
				GCC_WARN_UNDECLARED_SELECTOR = YES;
				GCC_WARN_UNINITIALIZED_AUTOS = YES_AGGRESSIVE;
				GCC_WARN_UNUSED_FUNCTION = YES;
				GCC_WARN_UNUSED_VARIABLE = YES;
				IPHONEOS_DEPLOYMENT_TARGET = 17.5;
				LOCALIZATION_PREFERS_STRING_CATALOGS = YES;
				MTL_ENABLE_DEBUG_INFO = NO;
				MTL_FAST_MATH = YES;
				SDKROOT = iphoneos;
				SWIFT_COMPILATION_MODE = wholemodule;
				VALIDATE_PRODUCT = YES;
			};
			name = Release;
		};
		44907E0D2C8B4753002D4617 /* Debug */ = {
			isa = XCBuildConfiguration;
			buildSettings = {
				ASSETCATALOG_COMPILER_APPICON_NAME = AppIcon;
				ASSETCATALOG_COMPILER_GLOBAL_ACCENT_COLOR_NAME = AccentColor;
				CODE_SIGN_STYLE = Automatic;
				CURRENT_PROJECT_VERSION = 1;
				DEVELOPMENT_TEAM = DKHFV79UK7;
				GENERATE_INFOPLIST_FILE = YES;
				INFOPLIST_FILE = "ToDo List/Info.plist";
				INFOPLIST_KEY_CFBundleDisplayName = "ToDo List";
				INFOPLIST_KEY_UIApplicationSupportsIndirectInputEvents = YES;
				INFOPLIST_KEY_UILaunchStoryboardName = LaunchScreen;
				INFOPLIST_KEY_UIMainStoryboardFile = Main;
				INFOPLIST_KEY_UISupportedInterfaceOrientations = UIInterfaceOrientationPortrait;
				IPHONEOS_DEPLOYMENT_TARGET = 15.0;
				LD_RUNPATH_SEARCH_PATHS = (
					"$(inherited)",
					"@executable_path/Frameworks",
				);
				MARKETING_VERSION = 1.0;
				PRODUCT_BUNDLE_IDENTIFIER = "com.list.ToDo-List";
				PRODUCT_NAME = "$(TARGET_NAME)";
				SUPPORTED_PLATFORMS = "iphoneos iphonesimulator";
				SUPPORTS_MACCATALYST = NO;
				SUPPORTS_MAC_DESIGNED_FOR_IPHONE_IPAD = NO;
				SUPPORTS_XR_DESIGNED_FOR_IPHONE_IPAD = NO;
				SWIFT_EMIT_LOC_STRINGS = YES;
				SWIFT_VERSION = 5.0;
				TARGETED_DEVICE_FAMILY = "1,2";
			};
			name = Debug;
		};
		44907E0E2C8B4753002D4617 /* Release */ = {
			isa = XCBuildConfiguration;
			buildSettings = {
				ASSETCATALOG_COMPILER_APPICON_NAME = AppIcon;
				ASSETCATALOG_COMPILER_GLOBAL_ACCENT_COLOR_NAME = AccentColor;
				CODE_SIGN_STYLE = Automatic;
				CURRENT_PROJECT_VERSION = 1;
				DEVELOPMENT_TEAM = DKHFV79UK7;
				GENERATE_INFOPLIST_FILE = YES;
				INFOPLIST_FILE = "ToDo List/Info.plist";
				INFOPLIST_KEY_CFBundleDisplayName = "ToDo List";
				INFOPLIST_KEY_UIApplicationSupportsIndirectInputEvents = YES;
				INFOPLIST_KEY_UILaunchStoryboardName = LaunchScreen;
				INFOPLIST_KEY_UIMainStoryboardFile = Main;
				INFOPLIST_KEY_UISupportedInterfaceOrientations = UIInterfaceOrientationPortrait;
				IPHONEOS_DEPLOYMENT_TARGET = 15.0;
				LD_RUNPATH_SEARCH_PATHS = (
					"$(inherited)",
					"@executable_path/Frameworks",
				);
				MARKETING_VERSION = 1.0;
				PRODUCT_BUNDLE_IDENTIFIER = "com.list.ToDo-List";
				PRODUCT_NAME = "$(TARGET_NAME)";
				SUPPORTED_PLATFORMS = "iphoneos iphonesimulator";
				SUPPORTS_MACCATALYST = NO;
				SUPPORTS_MAC_DESIGNED_FOR_IPHONE_IPAD = NO;
				SUPPORTS_XR_DESIGNED_FOR_IPHONE_IPAD = NO;
				SWIFT_EMIT_LOC_STRINGS = YES;
				SWIFT_VERSION = 5.0;
				TARGETED_DEVICE_FAMILY = "1,2";
			};
			name = Release;
		};
		44907E102C8B4753002D4617 /* Debug */ = {
			isa = XCBuildConfiguration;
			buildSettings = {
				ALWAYS_EMBED_SWIFT_STANDARD_LIBRARIES = YES;
				BUNDLE_LOADER = "$(TEST_HOST)";
				CODE_SIGN_STYLE = Automatic;
				CURRENT_PROJECT_VERSION = 1;
				DEVELOPMENT_TEAM = DKHFV79UK7;
				GENERATE_INFOPLIST_FILE = YES;
				IPHONEOS_DEPLOYMENT_TARGET = 17.5;
				MARKETING_VERSION = 1.0;
				PRODUCT_BUNDLE_IDENTIFIER = "com.list.ToDo-ListTests";
				PRODUCT_NAME = "$(TARGET_NAME)";
				SWIFT_EMIT_LOC_STRINGS = NO;
				SWIFT_VERSION = 5.0;
				TARGETED_DEVICE_FAMILY = "1,2";
				TEST_HOST = "$(BUILT_PRODUCTS_DIR)/ToDo List.app/$(BUNDLE_EXECUTABLE_FOLDER_PATH)/ToDo List";
			};
			name = Debug;
		};
		44907E112C8B4753002D4617 /* Release */ = {
			isa = XCBuildConfiguration;
			buildSettings = {
				ALWAYS_EMBED_SWIFT_STANDARD_LIBRARIES = YES;
				BUNDLE_LOADER = "$(TEST_HOST)";
				CODE_SIGN_STYLE = Automatic;
				CURRENT_PROJECT_VERSION = 1;
				DEVELOPMENT_TEAM = DKHFV79UK7;
				GENERATE_INFOPLIST_FILE = YES;
				IPHONEOS_DEPLOYMENT_TARGET = 17.5;
				MARKETING_VERSION = 1.0;
				PRODUCT_BUNDLE_IDENTIFIER = "com.list.ToDo-ListTests";
				PRODUCT_NAME = "$(TARGET_NAME)";
				SWIFT_EMIT_LOC_STRINGS = NO;
				SWIFT_VERSION = 5.0;
				TARGETED_DEVICE_FAMILY = "1,2";
				TEST_HOST = "$(BUILT_PRODUCTS_DIR)/ToDo List.app/$(BUNDLE_EXECUTABLE_FOLDER_PATH)/ToDo List";
			};
			name = Release;
		};
		44907E132C8B4753002D4617 /* Debug */ = {
			isa = XCBuildConfiguration;
			buildSettings = {
				ALWAYS_EMBED_SWIFT_STANDARD_LIBRARIES = YES;
				CODE_SIGN_STYLE = Automatic;
				CURRENT_PROJECT_VERSION = 1;
				DEVELOPMENT_TEAM = DKHFV79UK7;
				GENERATE_INFOPLIST_FILE = YES;
				MARKETING_VERSION = 1.0;
				PRODUCT_BUNDLE_IDENTIFIER = "com.list.ToDo-ListUITests";
				PRODUCT_NAME = "$(TARGET_NAME)";
				SWIFT_EMIT_LOC_STRINGS = NO;
				SWIFT_VERSION = 5.0;
				TARGETED_DEVICE_FAMILY = "1,2";
				TEST_TARGET_NAME = "ToDo List";
			};
			name = Debug;
		};
		44907E142C8B4753002D4617 /* Release */ = {
			isa = XCBuildConfiguration;
			buildSettings = {
				ALWAYS_EMBED_SWIFT_STANDARD_LIBRARIES = YES;
				CODE_SIGN_STYLE = Automatic;
				CURRENT_PROJECT_VERSION = 1;
				DEVELOPMENT_TEAM = DKHFV79UK7;
				GENERATE_INFOPLIST_FILE = YES;
				MARKETING_VERSION = 1.0;
				PRODUCT_BUNDLE_IDENTIFIER = "com.list.ToDo-ListUITests";
				PRODUCT_NAME = "$(TARGET_NAME)";
				SWIFT_EMIT_LOC_STRINGS = NO;
				SWIFT_VERSION = 5.0;
				TARGETED_DEVICE_FAMILY = "1,2";
				TEST_TARGET_NAME = "ToDo List";
			};
			name = Release;
		};
/* End XCBuildConfiguration section */

/* Begin XCConfigurationList section */
		44907DDA2C8B4751002D4617 /* Build configuration list for PBXProject "ToDo List" */ = {
			isa = XCConfigurationList;
			buildConfigurations = (
				44907E0A2C8B4753002D4617 /* Debug */,
				44907E0B2C8B4753002D4617 /* Release */,
			);
			defaultConfigurationIsVisible = 0;
			defaultConfigurationName = Release;
		};
		44907E0C2C8B4753002D4617 /* Build configuration list for PBXNativeTarget "ToDo List" */ = {
			isa = XCConfigurationList;
			buildConfigurations = (
				44907E0D2C8B4753002D4617 /* Debug */,
				44907E0E2C8B4753002D4617 /* Release */,
			);
			defaultConfigurationIsVisible = 0;
			defaultConfigurationName = Release;
		};
		44907E0F2C8B4753002D4617 /* Build configuration list for PBXNativeTarget "ToDo ListTests" */ = {
			isa = XCConfigurationList;
			buildConfigurations = (
				44907E102C8B4753002D4617 /* Debug */,
				44907E112C8B4753002D4617 /* Release */,
			);
			defaultConfigurationIsVisible = 0;
			defaultConfigurationName = Release;
		};
		44907E122C8B4753002D4617 /* Build configuration list for PBXNativeTarget "ToDo ListUITests" */ = {
			isa = XCConfigurationList;
			buildConfigurations = (
				44907E132C8B4753002D4617 /* Debug */,
				44907E142C8B4753002D4617 /* Release */,
			);
			defaultConfigurationIsVisible = 0;
			defaultConfigurationName = Release;
		};
/* End XCConfigurationList section */

/* Begin XCRemoteSwiftPackageReference section */
		44907E202C8B4C57002D4617 /* XCRemoteSwiftPackageReference "Alamofire" */ = {
			isa = XCRemoteSwiftPackageReference;
			repositoryURL = "https://github.com/Alamofire/Alamofire.git";
			requirement = {
				kind = upToNextMajorVersion;
				minimumVersion = 5.9.1;
			};
		};
		44907E2A2C8B4D7F002D4617 /* XCRemoteSwiftPackageReference "SwiftyJSON" */ = {
			isa = XCRemoteSwiftPackageReference;
			repositoryURL = "https://github.com/SwiftyJSON/SwiftyJSON.git";
			requirement = {
				kind = upToNextMajorVersion;
				minimumVersion = 5.0.2;
			};
		};
/* End XCRemoteSwiftPackageReference section */

/* Begin XCSwiftPackageProductDependency section */
		44907E212C8B4C57002D4617 /* Alamofire */ = {
			isa = XCSwiftPackageProductDependency;
			package = 44907E202C8B4C57002D4617 /* XCRemoteSwiftPackageReference "Alamofire" */;
			productName = Alamofire;
		};
		44907E2B2C8B4D7F002D4617 /* SwiftyJSON */ = {
			isa = XCSwiftPackageProductDependency;
			package = 44907E2A2C8B4D7F002D4617 /* XCRemoteSwiftPackageReference "SwiftyJSON" */;
			productName = SwiftyJSON;
		};
/* End XCSwiftPackageProductDependency section */

/* Begin XCVersionGroup section */
		44907DEB2C8B4751002D4617 /* ToDo_List.xcdatamodeld */ = {
			isa = XCVersionGroup;
			children = (
				44907DEC2C8B4751002D4617 /* ToDo_List.xcdatamodel */,
			);
			currentVersion = 44907DEC2C8B4751002D4617 /* ToDo_List.xcdatamodel */;
			path = ToDo_List.xcdatamodeld;
			sourceTree = "<group>";
			versionGroupType = wrapper.xcdatamodel;
		};
/* End XCVersionGroup section */
	};
	rootObject = 44907DD72C8B4751002D4617 /* Project object */;
}
